// !$*UTF8*$!
{
	archiveVersion = 1;
	classes = {
	};
	objectVersion = 77;
	objects = {

/* Begin PBXBuildFile section */
		152937B72D3C47CD00F235A2 /* SmoothGradient in Frameworks */ = {isa = PBXBuildFile; productRef = 152937B62D3C47CD00F235A2 /* SmoothGradient */; };
		15A000062E00000000000000 /* CacheWidget.swift in Sources */ = {isa = PBXBuildFile; fileRef = 15A000032E00000000000000 /* CacheWidget.swift */; };
		15A000092E00000000000000 /* CacheWidget.appex in Embed Foundation Extensions */ = {isa = PBXBuildFile; fileRef = 15A000012E00000000000000 /* CacheWidget.appex */; settings = {ATTRIBUTES = (CodeSignOnCopy, RemoveHeadersOnCopy, ); }; };
		15A000172E00000000000000 /* Theme.swift in Sources */ = {isa = PBXBuildFile; fileRef = 15A000162E00000000000000 /* Theme.swift */; };
		15A000192E00000000000000 /* HighlightPatterns.swift in Sources */ = {isa = PBXBuildFile; fileRef = 15A000182E00000000000000 /* HighlightPatterns.swift */; };
/* End PBXBuildFile section */

/* Begin PBXContainerItemProxy section */
		15A000132E00000000000000 /* PBXContainerItemProxy */ = {
			isa = PBXContainerItemProxy;
			containerPortal = 15D9C27E2D350BFB0013E9A3 /* Project object */;
			proxyType = 1;
			remoteGlobalIDString = 15A0000E2E00000000000000;
			remoteInfo = CacheWidget;
		};
		15D9C2992D350BFC0013E9A3 /* PBXContainerItemProxy */ = {
			isa = PBXContainerItemProxy;
			containerPortal = 15D9C27E2D350BFB0013E9A3 /* Project object */;
			proxyType = 1;
			remoteGlobalIDString = 15D9C2852D350BFB0013E9A3;
			remoteInfo = Cache;
		};
		15D9C2A32D350BFC0013E9A3 /* PBXContainerItemProxy */ = {
			isa = PBXContainerItemProxy;
			containerPortal = 15D9C27E2D350BFB0013E9A3 /* Project object */;
			proxyType = 1;
			remoteGlobalIDString = 15D9C2852D350BFB0013E9A3;
			remoteInfo = Cache;
		};
/* End PBXContainerItemProxy section */

/* Begin PBXCopyFilesBuildPhase section */
		15A0000D2E00000000000000 /* Embed Foundation Extensions */ = {
			isa = PBXCopyFilesBuildPhase;
			buildActionMask = 2147483647;
			dstPath = "";
			dstSubfolderSpec = 13;
			files = (
				15A000092E00000000000000 /* CacheWidget.appex in Embed Foundation Extensions */,
			);
			name = "Embed Foundation Extensions";
			runOnlyForDeploymentPostprocessing = 0;
		};
/* End PBXCopyFilesBuildPhase section */

/* Begin PBXFileReference section */
		15A000012E00000000000000 /* CacheWidget.appex */ = {isa = PBXFileReference; explicitFileType = "wrapper.app-extension"; includeInIndex = 0; path = CacheWidget.appex; sourceTree = BUILT_PRODUCTS_DIR; };
		15A000032E00000000000000 /* CacheWidget.swift */ = {isa = PBXFileReference; lastKnownFileType = sourcecode.swift; path = CacheWidget.swift; sourceTree = "<group>"; };
		15A000042E00000000000000 /* Info.plist */ = {isa = PBXFileReference; lastKnownFileType = text.plist.xml; path = Info.plist; sourceTree = "<group>"; };
		15A000052E00000000000000 /* CacheWidget.entitlements */ = {isa = PBXFileReference; lastKnownFileType = text.plist.entitlements; path = CacheWidget.entitlements; sourceTree = "<group>"; };
		15A000162E00000000000000 /* Theme.swift */ = {isa = PBXFileReference; lastKnownFileType = sourcecode.swift; name = Theme.swift; path = ../Cache/App/Theme.swift; sourceTree = "<group>"; };
		15A000182E00000000000000 /* HighlightPatterns.swift */ = {isa = PBXFileReference; lastKnownFileType = sourcecode.swift; name = HighlightPatterns.swift; path = ../Cache/Shared/HighlightPatterns.swift; sourceTree = "<group>"; };
		15A000202E00000000000000 /* Version.xcconfig */ = {isa = PBXFileReference; lastKnownFileType = text.xcconfig; path = Version.xcconfig; sourceTree = "<group>"; };
		15D9C2862D350BFB0013E9A3 /* Scraps.app */ = {isa = PBXFileReference; explicitFileType = wrapper.application; includeInIndex = 0; path = Scraps.app; sourceTree = BUILT_PRODUCTS_DIR; };
		15D9C2982D350BFC0013E9A3 /* CacheTests.xctest */ = {isa = PBXFileReference; explicitFileType = wrapper.cfbundle; includeInIndex = 0; path = CacheTests.xctest; sourceTree = BUILT_PRODUCTS_DIR; };
		15D9C2A22D350BFC0013E9A3 /* CacheUITests.xctest */ = {isa = PBXFileReference; explicitFileType = wrapper.cfbundle; includeInIndex = 0; path = CacheUITests.xctest; sourceTree = BUILT_PRODUCTS_DIR; };
/* End PBXFileReference section */

/* Begin PBXFileSystemSynchronizedBuildFileExceptionSet section */
		1555310D2D36D03900E6F2FC /* Exceptions for "CacheTests" folder in "CacheTests" target */ = {
			isa = PBXFileSystemSynchronizedBuildFileExceptionSet;
			membershipExceptions = (
				UITests.swift,
			);
			target = 15D9C2972D350BFC0013E9A3 /* CacheTests */;
		};
		1555310E2D36D03900E6F2FC /* Exceptions for "CacheTests" folder in "CacheUITests" target */ = {
			isa = PBXFileSystemSynchronizedBuildFileExceptionSet;
			membershipExceptions = (
				UITests.swift,
			);
			target = 15D9C2A12D350BFC0013E9A3 /* CacheUITests */;
		};
		15B6FE612D41884800FC4F5E /* Exceptions for "Cache" folder in "Scraps" target */ = {
			isa = PBXFileSystemSynchronizedBuildFileExceptionSet;
			membershipExceptions = (
				Info.plist,
			);
			target = 15D9C2852D350BFB0013E9A3 /* Scraps */;
		};
/* End PBXFileSystemSynchronizedBuildFileExceptionSet section */

/* Begin PBXFileSystemSynchronizedRootGroup section */
		15D9C2882D350BFB0013E9A3 /* Cache */ = {
			isa = PBXFileSystemSynchronizedRootGroup;
			exceptions = (
				15B6FE612D41884800FC4F5E /* Exceptions for "Cache" folder in "Scraps" target */,
			);
			path = Cache;
			sourceTree = "<group>";
		};
		15D9C29B2D350BFC0013E9A3 /* CacheTests */ = {
			isa = PBXFileSystemSynchronizedRootGroup;
			exceptions = (
				1555310D2D36D03900E6F2FC /* Exceptions for "CacheTests" folder in "CacheTests" target */,
				1555310E2D36D03900E6F2FC /* Exceptions for "CacheTests" folder in "CacheUITests" target */,
			);
			path = CacheTests;
			sourceTree = "<group>";
		};
/* End PBXFileSystemSynchronizedRootGroup section */

/* Begin PBXFrameworksBuildPhase section */
		15A0000B2E00000000000000 /* Frameworks */ = {
			isa = PBXFrameworksBuildPhase;
			buildActionMask = 2147483647;
			files = (
			);
			runOnlyForDeploymentPostprocessing = 0;
		};
		15D9C2832D350BFB0013E9A3 /* Frameworks */ = {
			isa = PBXFrameworksBuildPhase;
			buildActionMask = 2147483647;
			files = (
				152937B72D3C47CD00F235A2 /* SmoothGradient in Frameworks */,
			);
			runOnlyForDeploymentPostprocessing = 0;
		};
		15D9C2952D350BFC0013E9A3 /* Frameworks */ = {
			isa = PBXFrameworksBuildPhase;
			buildActionMask = 2147483647;
			files = (
			);
			runOnlyForDeploymentPostprocessing = 0;
		};
		15D9C29F2D350BFC0013E9A3 /* Frameworks */ = {
			isa = PBXFrameworksBuildPhase;
			buildActionMask = 2147483647;
			files = (
			);
			runOnlyForDeploymentPostprocessing = 0;
		};
/* End PBXFrameworksBuildPhase section */

/* Begin PBXGroup section */
		15A000022E00000000000000 /* CacheWidget */ = {
			isa = PBXGroup;
			children = (
				15A000032E00000000000000 /* CacheWidget.swift */,
				15A000042E00000000000000 /* Info.plist */,
				15A000052E00000000000000 /* CacheWidget.entitlements */,
				15A000162E00000000000000 /* Theme.swift */,
				15A000182E00000000000000 /* HighlightPatterns.swift */,
			);
			path = CacheWidget;
			sourceTree = "<group>";
		};
		15A0001F2E00000000000000 /* Config */ = {
			isa = PBXGroup;
			children = (
				15A000202E00000000000000 /* Version.xcconfig */,
			);
			path = Config;
			sourceTree = "<group>";
		};
		15D9C27D2D350BFB0013E9A3 = {
			isa = PBXGroup;
			children = (
				15A0001F2E00000000000000 /* Config */,
				15D9C2882D350BFB0013E9A3 /* Cache */,
				15A000022E00000000000000 /* CacheWidget */,
				15D9C29B2D350BFC0013E9A3 /* CacheTests */,
				15D9C2872D350BFB0013E9A3 /* Products */,
			);
			sourceTree = "<group>";
		};
		15D9C2872D350BFB0013E9A3 /* Products */ = {
			isa = PBXGroup;
			children = (
				15D9C2862D350BFB0013E9A3 /* Scraps.app */,
				15A000012E00000000000000 /* CacheWidget.appex */,
				15D9C2982D350BFC0013E9A3 /* CacheTests.xctest */,
				15D9C2A22D350BFC0013E9A3 /* CacheUITests.xctest */,
			);
			name = Products;
			sourceTree = "<group>";
		};
/* End PBXGroup section */

/* Begin PBXNativeTarget section */
		15A0000E2E00000000000000 /* CacheWidget */ = {
			isa = PBXNativeTarget;
			buildConfigurationList = 15A0000F2E00000000000000 /* Build configuration list for PBXNativeTarget "CacheWidget" */;
			buildPhases = (
				15A0000A2E00000000000000 /* Sources */,
				15A0000B2E00000000000000 /* Frameworks */,
				15A0000C2E00000000000000 /* Resources */,
			);
			buildRules = (
			);
			dependencies = (
			);
			name = CacheWidget;
			packageProductDependencies = (
			);
			productName = CacheWidget;
			productReference = 15A000012E00000000000000 /* CacheWidget.appex */;
			productType = "com.apple.product-type.app-extension";
		};
		15D9C2852D350BFB0013E9A3 /* Scraps */ = {
			isa = PBXNativeTarget;
			buildConfigurationList = 15D9C2AC2D350BFC0013E9A3 /* Build configuration list for PBXNativeTarget "Scraps" */;
			buildPhases = (
				15D9C2822D350BFB0013E9A3 /* Sources */,
				15D9C2832D350BFB0013E9A3 /* Frameworks */,
				15D9C2842D350BFB0013E9A3 /* Resources */,
				15A0000D2E00000000000000 /* Embed Foundation Extensions */,
			);
			buildRules = (
			);
			dependencies = (
				15A000122E00000000000000 /* PBXTargetDependency */,
			);
			fileSystemSynchronizedGroups = (
				15D9C2882D350BFB0013E9A3 /* Cache */,
			);
			name = Scraps;
			packageProductDependencies = (
				152937B62D3C47CD00F235A2 /* SmoothGradient */,
			);
			productName = Cache;
			productReference = 15D9C2862D350BFB0013E9A3 /* Scraps.app */;
			productType = "com.apple.product-type.application";
		};
		15D9C2972D350BFC0013E9A3 /* CacheTests */ = {
			isa = PBXNativeTarget;
			buildConfigurationList = 15D9C2AF2D350BFC0013E9A3 /* Build configuration list for PBXNativeTarget "CacheTests" */;
			buildPhases = (
				15D9C2942D350BFC0013E9A3 /* Sources */,
				15D9C2952D350BFC0013E9A3 /* Frameworks */,
				15D9C2962D350BFC0013E9A3 /* Resources */,
			);
			buildRules = (
			);
			dependencies = (
				15D9C29A2D350BFC0013E9A3 /* PBXTargetDependency */,
			);
			fileSystemSynchronizedGroups = (
				15D9C29B2D350BFC0013E9A3 /* CacheTests */,
			);
			name = CacheTests;
			packageProductDependencies = (
			);
			productName = CacheTests;
			productReference = 15D9C2982D350BFC0013E9A3 /* CacheTests.xctest */;
			productType = "com.apple.product-type.bundle.unit-test";
		};
		15D9C2A12D350BFC0013E9A3 /* CacheUITests */ = {
			isa = PBXNativeTarget;
			buildConfigurationList = 15D9C2B22D350BFC0013E9A3 /* Build configuration list for PBXNativeTarget "CacheUITests" */;
			buildPhases = (
				15D9C29E2D350BFC0013E9A3 /* Sources */,
				15D9C29F2D350BFC0013E9A3 /* Frameworks */,
				15D9C2A02D350BFC0013E9A3 /* Resources */,
			);
			buildRules = (
			);
			dependencies = (
				15D9C2A42D350BFC0013E9A3 /* PBXTargetDependency */,
			);
			name = CacheUITests;
			packageProductDependencies = (
			);
			productName = CacheUITests;
			productReference = 15D9C2A22D350BFC0013E9A3 /* CacheUITests.xctest */;
			productType = "com.apple.product-type.bundle.ui-testing";
		};
/* End PBXNativeTarget section */

/* Begin PBXProject section */
		15D9C27E2D350BFB0013E9A3 /* Project object */ = {
			isa = PBXProject;
			attributes = {
				BuildIndependentTargetsInParallel = 1;
				LastSwiftUpdateCheck = 1620;
				LastUpgradeCheck = 2640;
				TargetAttributes = {
					15A0000E2E00000000000000 = {
						CreatedOnToolsVersion = 16.2;
					};
					15D9C2852D350BFB0013E9A3 = {
						CreatedOnToolsVersion = 16.2;
					};
					15D9C2972D350BFC0013E9A3 = {
						CreatedOnToolsVersion = 16.2;
						TestTargetID = 15D9C2852D350BFB0013E9A3;
					};
					15D9C2A12D350BFC0013E9A3 = {
						CreatedOnToolsVersion = 16.2;
						TestTargetID = 15D9C2852D350BFB0013E9A3;
					};
				};
			};
			buildConfigurationList = 15D9C2812D350BFB0013E9A3 /* Build configuration list for PBXProject "Cache" */;
			developmentRegion = en;
			hasScannedForEncodings = 0;
			knownRegions = (
				en,
				Base,
			);
			mainGroup = 15D9C27D2D350BFB0013E9A3;
			minimizedProjectReferenceProxies = 1;
			packageReferences = (
				152937B52D3C47CD00F235A2 /* XCRemoteSwiftPackageReference "SmoothGradient" */,
			);
			preferredProjectObjectVersion = 77;
			productRefGroup = 15D9C2872D350BFB0013E9A3 /* Products */;
			projectDirPath = "";
			projectRoot = "";
			targets = (
				15D9C2852D350BFB0013E9A3 /* Scraps */,
				15A0000E2E00000000000000 /* CacheWidget */,
				15D9C2972D350BFC0013E9A3 /* CacheTests */,
				15D9C2A12D350BFC0013E9A3 /* CacheUITests */,
			);
		};
/* End PBXProject section */

/* Begin PBXResourcesBuildPhase section */
		15A0000C2E00000000000000 /* Resources */ = {
			isa = PBXResourcesBuildPhase;
			buildActionMask = 2147483647;
			files = (
			);
			runOnlyForDeploymentPostprocessing = 0;
		};
		15D9C2842D350BFB0013E9A3 /* Resources */ = {
			isa = PBXResourcesBuildPhase;
			buildActionMask = 2147483647;
			files = (
			);
			runOnlyForDeploymentPostprocessing = 0;
		};
		15D9C2962D350BFC0013E9A3 /* Resources */ = {
			isa = PBXResourcesBuildPhase;
			buildActionMask = 2147483647;
			files = (
			);
			runOnlyForDeploymentPostprocessing = 0;
		};
		15D9C2A02D350BFC0013E9A3 /* Resources */ = {
			isa = PBXResourcesBuildPhase;
			buildActionMask = 2147483647;
			files = (
			);
			runOnlyForDeploymentPostprocessing = 0;
		};
/* End PBXResourcesBuildPhase section */

/* Begin PBXSourcesBuildPhase section */
		15A0000A2E00000000000000 /* Sources */ = {
			isa = PBXSourcesBuildPhase;
			buildActionMask = 2147483647;
			files = (
				15A000062E00000000000000 /* CacheWidget.swift in Sources */,
				15A000172E00000000000000 /* Theme.swift in Sources */,
				15A000192E00000000000000 /* HighlightPatterns.swift in Sources */,
			);
			runOnlyForDeploymentPostprocessing = 0;
		};
		15D9C2822D350BFB0013E9A3 /* Sources */ = {
			isa = PBXSourcesBuildPhase;
			buildActionMask = 2147483647;
			files = (
			);
			runOnlyForDeploymentPostprocessing = 0;
		};
		15D9C2942D350BFC0013E9A3 /* Sources */ = {
			isa = PBXSourcesBuildPhase;
			buildActionMask = 2147483647;
			files = (
			);
			runOnlyForDeploymentPostprocessing = 0;
		};
		15D9C29E2D350BFC0013E9A3 /* Sources */ = {
			isa = PBXSourcesBuildPhase;
			buildActionMask = 2147483647;
			files = (
			);
			runOnlyForDeploymentPostprocessing = 0;
		};
/* End PBXSourcesBuildPhase section */

/* Begin PBXTargetDependency section */
		15A000122E00000000000000 /* PBXTargetDependency */ = {
			isa = PBXTargetDependency;
			target = 15A0000E2E00000000000000 /* CacheWidget */;
			targetProxy = 15A000132E00000000000000 /* PBXContainerItemProxy */;
		};
		15D9C29A2D350BFC0013E9A3 /* PBXTargetDependency */ = {
			isa = PBXTargetDependency;
			target = 15D9C2852D350BFB0013E9A3 /* Scraps */;
			targetProxy = 15D9C2992D350BFC0013E9A3 /* PBXContainerItemProxy */;
		};
		15D9C2A42D350BFC0013E9A3 /* PBXTargetDependency */ = {
			isa = PBXTargetDependency;
			target = 15D9C2852D350BFB0013E9A3 /* Scraps */;
			targetProxy = 15D9C2A32D350BFC0013E9A3 /* PBXContainerItemProxy */;
		};
/* End PBXTargetDependency section */

/* Begin XCBuildConfiguration section */
		15A000102E00000000000000 /* Debug */ = {
			isa = XCBuildConfiguration;
			baseConfigurationReference = 15A000202E00000000000000 /* Version.xcconfig */;
			buildSettings = {
				APPLICATION_EXTENSION_API_ONLY = YES;
				CODE_SIGN_ENTITLEMENTS = CacheWidget/CacheWidget.entitlements;
				CODE_SIGN_STYLE = Automatic;
				DEVELOPMENT_TEAM = Y6G9AAT4BU;
				ENABLE_PREVIEWS = YES;
				GENERATE_INFOPLIST_FILE = YES;
				INFOPLIST_FILE = CacheWidget/Info.plist;
				INFOPLIST_KEY_CFBundleDisplayName = Scraps;
				IPHONEOS_DEPLOYMENT_TARGET = 18.2;
				LD_RUNPATH_SEARCH_PATHS = (
					"$(inherited)",
					"@executable_path/Frameworks",
					"@executable_path/../../Frameworks",
				);
				PRODUCT_BUNDLE_IDENTIFIER = timlloyd.Scraps.ScrapsWidget;
				PRODUCT_NAME = "$(TARGET_NAME)";
				SKIP_INSTALL = YES;
				SWIFT_EMIT_LOC_STRINGS = YES;
				SWIFT_VERSION = 5.0;
				TARGETED_DEVICE_FAMILY = "1,2";
			};
			name = Debug;
		};
		15A000112E00000000000000 /* Release */ = {
			isa = XCBuildConfiguration;
			baseConfigurationReference = 15A000202E00000000000000 /* Version.xcconfig */;
			buildSettings = {
				APPLICATION_EXTENSION_API_ONLY = YES;
				CODE_SIGN_ENTITLEMENTS = CacheWidget/CacheWidget.entitlements;
				CODE_SIGN_STYLE = Automatic;
				DEVELOPMENT_TEAM = Y6G9AAT4BU;
				ENABLE_PREVIEWS = YES;
				GENERATE_INFOPLIST_FILE = YES;
				INFOPLIST_FILE = CacheWidget/Info.plist;
				INFOPLIST_KEY_CFBundleDisplayName = Scraps;
				IPHONEOS_DEPLOYMENT_TARGET = 18.2;
				LD_RUNPATH_SEARCH_PATHS = (
					"$(inherited)",
					"@executable_path/Frameworks",
					"@executable_path/../../Frameworks",
				);
				PRODUCT_BUNDLE_IDENTIFIER = timlloyd.Scraps.ScrapsWidget;
				PRODUCT_NAME = "$(TARGET_NAME)";
				SKIP_INSTALL = YES;
				SWIFT_EMIT_LOC_STRINGS = YES;
				SWIFT_VERSION = 5.0;
				TARGETED_DEVICE_FAMILY = "1,2";
			};
			name = Release;
		};
		15D9C2AA2D350BFC0013E9A3 /* Debug */ = {
			isa = XCBuildConfiguration;
			buildSettings = {
				ALWAYS_SEARCH_USER_PATHS = NO;
				ASSETCATALOG_COMPILER_GENERATE_SWIFT_ASSET_SYMBOL_EXTENSIONS = YES;
				CLANG_ANALYZER_NONNULL = YES;
				CLANG_ANALYZER_NUMBER_OBJECT_CONVERSION = YES_AGGRESSIVE;
				CLANG_CXX_LANGUAGE_STANDARD = "gnu++20";
				CLANG_ENABLE_MODULES = YES;
				CLANG_ENABLE_OBJC_ARC = YES;
				CLANG_ENABLE_OBJC_WEAK = YES;
				CLANG_WARN_BLOCK_CAPTURE_AUTORELEASING = YES;
				CLANG_WARN_BOOL_CONVERSION = YES;
				CLANG_WARN_COMMA = YES;
				CLANG_WARN_CONSTANT_CONVERSION = YES;
				CLANG_WARN_DEPRECATED_OBJC_IMPLEMENTATIONS = YES;
				CLANG_WARN_DIRECT_OBJC_ISA_USAGE = YES_ERROR;
				CLANG_WARN_DOCUMENTATION_COMMENTS = YES;
				CLANG_WARN_EMPTY_BODY = YES;
				CLANG_WARN_ENUM_CONVERSION = YES;
				CLANG_WARN_INFINITE_RECURSION = YES;
				CLANG_WARN_INT_CONVERSION = YES;
				CLANG_WARN_NON_LITERAL_NULL_CONVERSION = YES;
				CLANG_WARN_OBJC_IMPLICIT_RETAIN_SELF = YES;
				CLANG_WARN_OBJC_LITERAL_CONVERSION = YES;
				CLANG_WARN_OBJC_ROOT_CLASS = YES_ERROR;
				CLANG_WARN_QUOTED_INCLUDE_IN_FRAMEWORK_HEADER = YES;
				CLANG_WARN_RANGE_LOOP_ANALYSIS = YES;
				CLANG_WARN_STRICT_PROTOTYPES = YES;
				CLANG_WARN_SUSPICIOUS_MOVE = YES;
				CLANG_WARN_UNGUARDED_AVAILABILITY = YES_AGGRESSIVE;
				CLANG_WARN_UNREACHABLE_CODE = YES;
				CLANG_WARN__DUPLICATE_METHOD_MATCH = YES;
				COPY_PHASE_STRIP = NO;
				DEBUG_INFORMATION_FORMAT = dwarf;
				DEVELOPMENT_TEAM = Y6G9AAT4BU;
				ENABLE_STRICT_OBJC_MSGSEND = YES;
				ENABLE_TESTABILITY = YES;
				ENABLE_USER_SCRIPT_SANDBOXING = YES;
				GCC_C_LANGUAGE_STANDARD = gnu17;
				GCC_DYNAMIC_NO_PIC = NO;
				GCC_NO_COMMON_BLOCKS = YES;
				GCC_OPTIMIZATION_LEVEL = 0;
				GCC_PREPROCESSOR_DEFINITIONS = (
					"DEBUG=1",
					"$(inherited)",
				);
				GCC_WARN_64_TO_32_BIT_CONVERSION = YES;
				GCC_WARN_ABOUT_RETURN_TYPE = YES_ERROR;
				GCC_WARN_UNDECLARED_SELECTOR = YES;
				GCC_WARN_UNINITIALIZED_AUTOS = YES_AGGRESSIVE;
				GCC_WARN_UNUSED_FUNCTION = YES;
				GCC_WARN_UNUSED_VARIABLE = YES;
				INFOPLIST_KEY_CFBundleDisplayName = Scraps;
				IPHONEOS_DEPLOYMENT_TARGET = 18.2;
				LOCALIZATION_PREFERS_STRING_CATALOGS = YES;
				MTL_ENABLE_DEBUG_INFO = INCLUDE_SOURCE;
				MTL_FAST_MATH = YES;
				ONLY_ACTIVE_ARCH = YES;
				SDKROOT = iphoneos;
				STRING_CATALOG_GENERATE_SYMBOLS = YES;
				SWIFT_ACTIVE_COMPILATION_CONDITIONS = "DEBUG $(inherited)";
				SWIFT_OPTIMIZATION_LEVEL = "-Onone";
			};
			name = Debug;
		};
		15D9C2AB2D350BFC0013E9A3 /* Release */ = {
			isa = XCBuildConfiguration;
			buildSettings = {
				ALWAYS_SEARCH_USER_PATHS = NO;
				ASSETCATALOG_COMPILER_GENERATE_SWIFT_ASSET_SYMBOL_EXTENSIONS = YES;
				CLANG_ANALYZER_NONNULL = YES;
				CLANG_ANALYZER_NUMBER_OBJECT_CONVERSION = YES_AGGRESSIVE;
				CLANG_CXX_LANGUAGE_STANDARD = "gnu++20";
				CLANG_ENABLE_MODULES = YES;
				CLANG_ENABLE_OBJC_ARC = YES;
				CLANG_ENABLE_OBJC_WEAK = YES;
				CLANG_WARN_BLOCK_CAPTURE_AUTORELEASING = YES;
				CLANG_WARN_BOOL_CONVERSION = YES;
				CLANG_WARN_COMMA = YES;
				CLANG_WARN_CONSTANT_CONVERSION = YES;
				CLANG_WARN_DEPRECATED_OBJC_IMPLEMENTATIONS = YES;
				CLANG_WARN_DIRECT_OBJC_ISA_USAGE = YES_ERROR;
				CLANG_WARN_DOCUMENTATION_COMMENTS = YES;
				CLANG_WARN_EMPTY_BODY = YES;
				CLANG_WARN_ENUM_CONVERSION = YES;
				CLANG_WARN_INFINITE_RECURSION = YES;
				CLANG_WARN_INT_CONVERSION = YES;
				CLANG_WARN_NON_LITERAL_NULL_CONVERSION = YES;
				CLANG_WARN_OBJC_IMPLICIT_RETAIN_SELF = YES;
				CLANG_WARN_OBJC_LITERAL_CONVERSION = YES;
				CLANG_WARN_OBJC_ROOT_CLASS = YES_ERROR;
				CLANG_WARN_QUOTED_INCLUDE_IN_FRAMEWORK_HEADER = YES;
				CLANG_WARN_RANGE_LOOP_ANALYSIS = YES;
				CLANG_WARN_STRICT_PROTOTYPES = YES;
				CLANG_WARN_SUSPICIOUS_MOVE = YES;
				CLANG_WARN_UNGUARDED_AVAILABILITY = YES_AGGRESSIVE;
				CLANG_WARN_UNREACHABLE_CODE = YES;
				CLANG_WARN__DUPLICATE_METHOD_MATCH = YES;
				COPY_PHASE_STRIP = NO;
				DEBUG_INFORMATION_FORMAT = "dwarf-with-dsym";
				DEVELOPMENT_TEAM = Y6G9AAT4BU;
				ENABLE_NS_ASSERTIONS = NO;
				ENABLE_STRICT_OBJC_MSGSEND = YES;
				ENABLE_USER_SCRIPT_SANDBOXING = YES;
				GCC_C_LANGUAGE_STANDARD = gnu17;
				GCC_NO_COMMON_BLOCKS = YES;
				GCC_WARN_64_TO_32_BIT_CONVERSION = YES;
				GCC_WARN_ABOUT_RETURN_TYPE = YES_ERROR;
				GCC_WARN_UNDECLARED_SELECTOR = YES;
				GCC_WARN_UNINITIALIZED_AUTOS = YES_AGGRESSIVE;
				GCC_WARN_UNUSED_FUNCTION = YES;
				GCC_WARN_UNUSED_VARIABLE = YES;
				INFOPLIST_KEY_CFBundleDisplayName = Scraps;
				IPHONEOS_DEPLOYMENT_TARGET = 18.2;
				LOCALIZATION_PREFERS_STRING_CATALOGS = YES;
				MTL_ENABLE_DEBUG_INFO = NO;
				MTL_FAST_MATH = YES;
				SDKROOT = iphoneos;
				STRING_CATALOG_GENERATE_SYMBOLS = YES;
				SWIFT_COMPILATION_MODE = wholemodule;
				VALIDATE_PRODUCT = YES;
			};
			name = Release;
		};
		15D9C2AD2D350BFC0013E9A3 /* Debug */ = {
			isa = XCBuildConfiguration;
			baseConfigurationReference = 15A000202E00000000000000 /* Version.xcconfig */;
			buildSettings = {
				ASSETCATALOG_COMPILER_APPICON_NAME = AppIcon;
				ASSETCATALOG_COMPILER_GLOBAL_ACCENT_COLOR_NAME = AccentColor;
				CODE_SIGN_ENTITLEMENTS = Cache/Cache.entitlements;
				CODE_SIGN_STYLE = Automatic;
				DEVELOPMENT_ASSET_PATHS = "\"Cache/Preview Content\"";
				ENABLE_PREVIEWS = YES;
				GENERATE_INFOPLIST_FILE = YES;
				INFOPLIST_FILE = Cache/Info.plist;
				INFOPLIST_KEY_CFBundleDisplayName = Scraps;
				INFOPLIST_KEY_LSApplicationCategoryType = "public.app-category.productivity";
				INFOPLIST_KEY_UIApplicationSceneManifest_Generation = YES;
				INFOPLIST_KEY_UIApplicationSupportsIndirectInputEvents = YES;
				INFOPLIST_KEY_UILaunchScreen_Generation = YES;
				INFOPLIST_KEY_UISupportedInterfaceOrientations_iPad = "UIInterfaceOrientationPortrait UIInterfaceOrientationPortraitUpsideDown UIInterfaceOrientationLandscapeLeft UIInterfaceOrientationLandscapeRight";
				INFOPLIST_KEY_UISupportedInterfaceOrientations_iPhone = "UIInterfaceOrientationPortrait UIInterfaceOrientationLandscapeLeft UIInterfaceOrientationLandscapeRight";
				LD_RUNPATH_SEARCH_PATHS = (
					"$(inherited)",
					"@executable_path/Frameworks",
				);
				PRODUCT_BUNDLE_IDENTIFIER = timlloyd.Scraps;
				PRODUCT_NAME = "$(TARGET_NAME)";
				SWIFT_EMIT_LOC_STRINGS = YES;
				SWIFT_VERSION = 5.0;
				TARGETED_DEVICE_FAMILY = "1,2";
			};
			name = Debug;
		};
		15D9C2AE2D350BFC0013E9A3 /* Release */ = {
			isa = XCBuildConfiguration;
			baseConfigurationReference = 15A000202E00000000000000 /* Version.xcconfig */;
			buildSettings = {
				ASSETCATALOG_COMPILER_APPICON_NAME = AppIcon;
				ASSETCATALOG_COMPILER_GLOBAL_ACCENT_COLOR_NAME = AccentColor;
				CODE_SIGN_ENTITLEMENTS = Cache/Cache.entitlements;
				CODE_SIGN_STYLE = Automatic;
				DEVELOPMENT_ASSET_PATHS = "\"Cache/Preview Content\"";
				ENABLE_PREVIEWS = YES;
				GENERATE_INFOPLIST_FILE = YES;
				INFOPLIST_FILE = Cache/Info.plist;
				INFOPLIST_KEY_CFBundleDisplayName = Scraps;
				INFOPLIST_KEY_LSApplicationCategoryType = "public.app-category.productivity";
				INFOPLIST_KEY_UIApplicationSceneManifest_Generation = YES;
				INFOPLIST_KEY_UIApplicationSupportsIndirectInputEvents = YES;
				INFOPLIST_KEY_UILaunchScreen_Generation = YES;
				INFOPLIST_KEY_UISupportedInterfaceOrientations_iPad = "UIInterfaceOrientationPortrait UIInterfaceOrientationPortraitUpsideDown UIInterfaceOrientationLandscapeLeft UIInterfaceOrientationLandscapeRight";
				INFOPLIST_KEY_UISupportedInterfaceOrientations_iPhone = "UIInterfaceOrientationPortrait UIInterfaceOrientationLandscapeLeft UIInterfaceOrientationLandscapeRight";
				LD_RUNPATH_SEARCH_PATHS = (
					"$(inherited)",
					"@executable_path/Frameworks",
				);
				PRODUCT_BUNDLE_IDENTIFIER = timlloyd.Scraps;
				PRODUCT_NAME = "$(TARGET_NAME)";
				SWIFT_EMIT_LOC_STRINGS = YES;
				SWIFT_VERSION = 5.0;
				TARGETED_DEVICE_FAMILY = "1,2";
			};
			name = Release;
		};
		15D9C2B02D350BFC0013E9A3 /* Debug */ = {
			isa = XCBuildConfiguration;
			baseConfigurationReference = 15A000202E00000000000000 /* Version.xcconfig */;
			buildSettings = {
				BUNDLE_LOADER = "$(TEST_HOST)";
				CODE_SIGN_STYLE = Automatic;
				GENERATE_INFOPLIST_FILE = YES;
				IPHONEOS_DEPLOYMENT_TARGET = 18.2;
				PRODUCT_BUNDLE_IDENTIFIER = timlloyd.CacheTests;
				PRODUCT_NAME = "$(TARGET_NAME)";
				SWIFT_EMIT_LOC_STRINGS = NO;
				SWIFT_VERSION = 5.0;
				TARGETED_DEVICE_FAMILY = "1,2";
				TEST_HOST = "$(BUILT_PRODUCTS_DIR)/Scraps.app/$(BUNDLE_EXECUTABLE_FOLDER_PATH)/Scraps";
			};
			name = Debug;
		};
		15D9C2B12D350BFC0013E9A3 /* Release */ = {
			isa = XCBuildConfiguration;
			baseConfigurationReference = 15A000202E00000000000000 /* Version.xcconfig */;
			buildSettings = {
				BUNDLE_LOADER = "$(TEST_HOST)";
				CODE_SIGN_STYLE = Automatic;
				GENERATE_INFOPLIST_FILE = YES;
				IPHONEOS_DEPLOYMENT_TARGET = 18.2;
				PRODUCT_BUNDLE_IDENTIFIER = timlloyd.CacheTests;
				PRODUCT_NAME = "$(TARGET_NAME)";
				SWIFT_EMIT_LOC_STRINGS = NO;
				SWIFT_VERSION = 5.0;
				TARGETED_DEVICE_FAMILY = "1,2";
				TEST_HOST = "$(BUILT_PRODUCTS_DIR)/Scraps.app/$(BUNDLE_EXECUTABLE_FOLDER_PATH)/Scraps";
			};
			name = Release;
		};
		15D9C2B32D350BFC0013E9A3 /* Debug */ = {
			isa = XCBuildConfiguration;
			baseConfigurationReference = 15A000202E00000000000000 /* Version.xcconfig */;
			buildSettings = {
				CODE_SIGN_STYLE = Automatic;
				GENERATE_INFOPLIST_FILE = YES;
				PRODUCT_BUNDLE_IDENTIFIER = timlloyd.CacheUITests;
				PRODUCT_NAME = "$(TARGET_NAME)";
				SWIFT_EMIT_LOC_STRINGS = NO;
				SWIFT_VERSION = 5.0;
				TARGETED_DEVICE_FAMILY = "1,2";
				TEST_TARGET_NAME = Scraps;
			};
			name = Debug;
		};
		15D9C2B42D350BFC0013E9A3 /* Release */ = {
			isa = XCBuildConfiguration;
			baseConfigurationReference = 15A000202E00000000000000 /* Version.xcconfig */;
			buildSettings = {
				CODE_SIGN_STYLE = Automatic;
				GENERATE_INFOPLIST_FILE = YES;
				PRODUCT_BUNDLE_IDENTIFIER = timlloyd.CacheUITests;
				PRODUCT_NAME = "$(TARGET_NAME)";
				SWIFT_EMIT_LOC_STRINGS = NO;
				SWIFT_VERSION = 5.0;
				TARGETED_DEVICE_FAMILY = "1,2";
				TEST_TARGET_NAME = Scraps;
			};
			name = Release;
		};
/* End XCBuildConfiguration section */

/* Begin XCConfigurationList section */
		15A0000F2E00000000000000 /* Build configuration list for PBXNativeTarget "CacheWidget" */ = {
			isa = XCConfigurationList;
			buildConfigurations = (
				15A000102E00000000000000 /* Debug */,
				15A000112E00000000000000 /* Release */,
			);
			defaultConfigurationIsVisible = 0;
			defaultConfigurationName = Release;
		};
		15D9C2812D350BFB0013E9A3 /* Build configuration list for PBXProject "Cache" */ = {
			isa = XCConfigurationList;
			buildConfigurations = (
				15D9C2AA2D350BFC0013E9A3 /* Debug */,
				15D9C2AB2D350BFC0013E9A3 /* Release */,
			);
			defaultConfigurationIsVisible = 0;
			defaultConfigurationName = Release;
		};
		15D9C2AC2D350BFC0013E9A3 /* Build configuration list for PBXNativeTarget "Scraps" */ = {
			isa = XCConfigurationList;
			buildConfigurations = (
				15D9C2AD2D350BFC0013E9A3 /* Debug */,
				15D9C2AE2D350BFC0013E9A3 /* Release */,
			);
			defaultConfigurationIsVisible = 0;
			defaultConfigurationName = Release;
		};
		15D9C2AF2D350BFC0013E9A3 /* Build configuration list for PBXNativeTarget "CacheTests" */ = {
			isa = XCConfigurationList;
			buildConfigurations = (
				15D9C2B02D350BFC0013E9A3 /* Debug */,
				15D9C2B12D350BFC0013E9A3 /* Release */,
			);
			defaultConfigurationIsVisible = 0;
			defaultConfigurationName = Release;
		};
		15D9C2B22D350BFC0013E9A3 /* Build configuration list for PBXNativeTarget "CacheUITests" */ = {
			isa = XCConfigurationList;
			buildConfigurations = (
				15D9C2B32D350BFC0013E9A3 /* Debug */,
				15D9C2B42D350BFC0013E9A3 /* Release */,
			);
			defaultConfigurationIsVisible = 0;
			defaultConfigurationName = Release;
		};
/* End XCConfigurationList section */

/* Begin XCRemoteSwiftPackageReference section */
		152937B52D3C47CD00F235A2 /* XCRemoteSwiftPackageReference "SmoothGradient" */ = {
			isa = XCRemoteSwiftPackageReference;
			repositoryURL = "https://github.com/raymondjavaxx/SmoothGradient.git";
			requirement = {
				kind = upToNextMajorVersion;
				minimumVersion = 1.0.0;
			};
		};
/* End XCRemoteSwiftPackageReference section */

/* Begin XCSwiftPackageProductDependency section */
		152937B62D3C47CD00F235A2 /* SmoothGradient */ = {
			isa = XCSwiftPackageProductDependency;
			package = 152937B52D3C47CD00F235A2 /* XCRemoteSwiftPackageReference "SmoothGradient" */;
			productName = SmoothGradient;
		};
/* End XCSwiftPackageProductDependency section */
	};
	rootObject = 15D9C27E2D350BFB0013E9A3 /* Project object */;
}
